
Microsoft Visual Studio Solution File, Format Version 12.00
# Visual Studio Version 16
VisualStudioVersion = 16.0.32126.315
MinimumVisualStudioVersion = 10.0.40219.1
Project("{FAE04EC0-301F-11D3-BF4B-00C04F79EFBC}") = "CancelUpdateDeleteEditWithoutStoredProcedure", "CancelUpdateDeleteEditWithoutStoredProcedure\CancelUpdateDeleteEditWithoutStoredProcedure.csproj", "{16545295-CDFD-4FF9-912F-C6E115F3D987}"
EndProject
Global
	GlobalSection(SolutionConfigurationPlatforms) = preSolution
		Debug|Any CPU = Debug|Any CPU
		Release|Any CPU = Release|Any CPU
	EndGlobalSection
	GlobalSection(ProjectConfigurationPlatforms) = postSolution
		{16545295-CDFD-4FF9-912F-C6E115F3D987}.Debug|Any CPU.ActiveCfg = Debug|Any CPU
		{16545295-CDFD-4FF9-912F-C6E115F3D987}.Debug|Any CPU.Build.0 = Debug|Any CPU
		{16545295-CDFD-4FF9-912F-C6E115F3D987}.Release|Any CPU.ActiveCfg = Release|Any CPU
		{16545295-CDFD-4FF9-912F-C6E115F3D987}.Release|Any CPU.Build.0 = Release|Any CPU
	EndGlobalSection
	GlobalSection(SolutionProperties) = preSolution
		HideSolutionNode = FALSE
	EndGlobalSection
	GlobalSection(ExtensibilityGlobals) = postSolution
		SolutionGuid = {479C6820-614D-4DAB-962F-3D064512252F}
	EndGlobalSection
EndGlobal
