
Microsoft Visual Studio Solution File, Format Version 12.00
# Visual Studio Version 16
VisualStudioVersion = 16.0.32126.315
MinimumVisualStudioVersion = 10.0.40219.1
Project("{FAE04EC0-301F-11D3-BF4B-00C04F79EFBC}") = "new", "new\new.csproj", "{FDD5F44B-13E3-40D9-A9AC-821EDFD3A5BE}"
EndProject
Global
	GlobalSection(SolutionConfigurationPlatforms) = preSolution
		Debug|Any CPU = Debug|Any CPU
		Release|Any CPU = Release|Any CPU
	EndGlobalSection
	GlobalSection(ProjectConfigurationPlatforms) = postSolution
		{FDD5F44B-13E3-40D9-A9AC-821EDFD3A5BE}.Debug|Any CPU.ActiveCfg = Debug|Any CPU
		{FDD5F44B-13E3-40D9-A9AC-821EDFD3A5BE}.Debug|Any CPU.Build.0 = Debug|Any CPU
		{FDD5F44B-13E3-40D9-A9AC-821EDFD3A5BE}.Release|Any CPU.ActiveCfg = Release|Any CPU
		{FDD5F44B-13E3-40D9-A9AC-821EDFD3A5BE}.Release|Any CPU.Build.0 = Release|Any CPU
	EndGlobalSection
	GlobalSection(SolutionProperties) = preSolution
		HideSolutionNode = FALSE
	EndGlobalSection
	GlobalSection(ExtensibilityGlobals) = postSolution
		SolutionGuid = {0F0BFC6E-0726-4A46-AA57-76178294509B}
	EndGlobalSection
EndGlobal
