
Microsoft Visual Studio Solution File, Format Version 12.00
# Visual Studio Version 16
VisualStudioVersion = 16.0.32126.315
MinimumVisualStudioVersion = 10.0.40219.1
Project("{FAE04EC0-301F-11D3-BF4B-00C04F79EFBC}") = "Insert", "Insert\Insert.csproj", "{F1FE97A9-CC4F-4823-8D85-01EDCA099829}"
EndProject
Global
	GlobalSection(SolutionConfigurationPlatforms) = preSolution
		Debug|Any CPU = Debug|Any CPU
		Release|Any CPU = Release|Any CPU
	EndGlobalSection
	GlobalSection(ProjectConfigurationPlatforms) = postSolution
		{F1FE97A9-CC4F-4823-8D85-01EDCA099829}.Debug|Any CPU.ActiveCfg = Debug|Any CPU
		{F1FE97A9-CC4F-4823-8D85-01EDCA099829}.Debug|Any CPU.Build.0 = Debug|Any CPU
		{F1FE97A9-CC4F-4823-8D85-01EDCA099829}.Release|Any CPU.ActiveCfg = Release|Any CPU
		{F1FE97A9-CC4F-4823-8D85-01EDCA099829}.Release|Any CPU.Build.0 = Release|Any CPU
	EndGlobalSection
	GlobalSection(SolutionProperties) = preSolution
		HideSolutionNode = FALSE
	EndGlobalSection
	GlobalSection(ExtensibilityGlobals) = postSolution
		SolutionGuid = {689188D7-10A5-46C5-98DE-1016F9DCC9FB}
	EndGlobalSection
EndGlobal
