
Microsoft Visual Studio Solution File, Format Version 12.00
# Visual Studio Version 16
VisualStudioVersion = 16.0.32126.315
MinimumVisualStudioVersion = 10.0.40219.1
Project("{FAE04EC0-301F-11D3-BF4B-00C04F79EFBC}") = "DropDown List bind", "DropDown List bind\DropDown List bind.csproj", "{2740CBB6-BFC9-446F-8763-D54BC06325ED}"
EndProject
Global
	GlobalSection(SolutionConfigurationPlatforms) = preSolution
		Debug|Any CPU = Debug|Any CPU
		Release|Any CPU = Release|Any CPU
	EndGlobalSection
	GlobalSection(ProjectConfigurationPlatforms) = postSolution
		{2740CBB6-BFC9-446F-8763-D54BC06325ED}.Debug|Any CPU.ActiveCfg = Debug|Any CPU
		{2740CBB6-BFC9-446F-8763-D54BC06325ED}.Debug|Any CPU.Build.0 = Debug|Any CPU
		{2740CBB6-BFC9-446F-8763-D54BC06325ED}.Release|Any CPU.ActiveCfg = Release|Any CPU
		{2740CBB6-BFC9-446F-8763-D54BC06325ED}.Release|Any CPU.Build.0 = Release|Any CPU
	EndGlobalSection
	GlobalSection(SolutionProperties) = preSolution
		HideSolutionNode = FALSE
	EndGlobalSection
	GlobalSection(ExtensibilityGlobals) = postSolution
		SolutionGuid = {50FF8DBB-DE6E-421B-AC44-5E3CBD23EF20}
	EndGlobalSection
EndGlobal
