
Microsoft Visual Studio Solution File, Format Version 12.00
# Visual Studio Version 16
VisualStudioVersion = 16.0.32126.315
MinimumVisualStudioVersion = 10.0.40219.1
Project("{FAE04EC0-301F-11D3-BF4B-00C04F79EFBC}") = "Passdatcontrolltoview", "Passdatcontrolltoview\Passdatcontrolltoview.csproj", "{18DA5026-6A3F-43C5-88A1-C982A60F2D79}"
EndProject
Global
	GlobalSection(SolutionConfigurationPlatforms) = preSolution
		Debug|Any CPU = Debug|Any CPU
		Release|Any CPU = Release|Any CPU
	EndGlobalSection
	GlobalSection(ProjectConfigurationPlatforms) = postSolution
		{18DA5026-6A3F-43C5-88A1-C982A60F2D79}.Debug|Any CPU.ActiveCfg = Debug|Any CPU
		{18DA5026-6A3F-43C5-88A1-C982A60F2D79}.Debug|Any CPU.Build.0 = Debug|Any CPU
		{18DA5026-6A3F-43C5-88A1-C982A60F2D79}.Release|Any CPU.ActiveCfg = Release|Any CPU
		{18DA5026-6A3F-43C5-88A1-C982A60F2D79}.Release|Any CPU.Build.0 = Release|Any CPU
	EndGlobalSection
	GlobalSection(SolutionProperties) = preSolution
		HideSolutionNode = FALSE
	EndGlobalSection
	GlobalSection(ExtensibilityGlobals) = postSolution
		SolutionGuid = {86F32F3E-95FC-4951-B1C5-32739B8D483F}
	EndGlobalSection
EndGlobal
