
Microsoft Visual Studio Solution File, Format Version 12.00
# Visual Studio Version 16
VisualStudioVersion = 16.0.32126.315
MinimumVisualStudioVersion = 10.0.40219.1
Project("{FAE04EC0-301F-11D3-BF4B-00C04F79EFBC}") = "Required Field validator", "Required Field validator\Required Field validator.csproj", "{D39E3A6B-45E4-4361-9963-F989E245E6F3}"
EndProject
Global
	GlobalSection(SolutionConfigurationPlatforms) = preSolution
		Debug|Any CPU = Debug|Any CPU
		Release|Any CPU = Release|Any CPU
	EndGlobalSection
	GlobalSection(ProjectConfigurationPlatforms) = postSolution
		{D39E3A6B-45E4-4361-9963-F989E245E6F3}.Debug|Any CPU.ActiveCfg = Debug|Any CPU
		{D39E3A6B-45E4-4361-9963-F989E245E6F3}.Debug|Any CPU.Build.0 = Debug|Any CPU
		{D39E3A6B-45E4-4361-9963-F989E245E6F3}.Release|Any CPU.ActiveCfg = Release|Any CPU
		{D39E3A6B-45E4-4361-9963-F989E245E6F3}.Release|Any CPU.Build.0 = Release|Any CPU
	EndGlobalSection
	GlobalSection(SolutionProperties) = preSolution
		HideSolutionNode = FALSE
	EndGlobalSection
	GlobalSection(ExtensibilityGlobals) = postSolution
		SolutionGuid = {A1732303-8277-47DE-A1E3-85CB91535413}
	EndGlobalSection
EndGlobal
