
Microsoft Visual Studio Solution File, Format Version 12.00
# Visual Studio Version 16
VisualStudioVersion = 16.0.32126.315
MinimumVisualStudioVersion = 10.0.40219.1
Project("{FAE04EC0-301F-11D3-BF4B-00C04F79EFBC}") = "Retriving full dataset", "Retriving full dataset\Retriving full dataset.csproj", "{96E087EE-6A0D-466F-AFE9-1EF707EC261D}"
EndProject
Global
	GlobalSection(SolutionConfigurationPlatforms) = preSolution
		Debug|Any CPU = Debug|Any CPU
		Release|Any CPU = Release|Any CPU
	EndGlobalSection
	GlobalSection(ProjectConfigurationPlatforms) = postSolution
		{96E087EE-6A0D-466F-AFE9-1EF707EC261D}.Debug|Any CPU.ActiveCfg = Debug|Any CPU
		{96E087EE-6A0D-466F-AFE9-1EF707EC261D}.Debug|Any CPU.Build.0 = Debug|Any CPU
		{96E087EE-6A0D-466F-AFE9-1EF707EC261D}.Release|Any CPU.ActiveCfg = Release|Any CPU
		{96E087EE-6A0D-466F-AFE9-1EF707EC261D}.Release|Any CPU.Build.0 = Release|Any CPU
	EndGlobalSection
	GlobalSection(SolutionProperties) = preSolution
		HideSolutionNode = FALSE
	EndGlobalSection
	GlobalSection(ExtensibilityGlobals) = postSolution
		SolutionGuid = {111C74D2-596D-4CE0-9E0D-915B0174BC44}
	EndGlobalSection
EndGlobal
